// !$*UTF8*$!
{
	archiveVersion = 1;
	classes = {
	};
	objectVersion = 50;
	objects = {

/* Begin PBXBuildFile section */
		D1D94EAB20B0D941009B4188 /* main.cpp in Sources */ = {isa = PBXBuildFile; fileRef = D1D94EAA20B0D941009B4188 /* main.cpp */; };
/* End PBXBuildFile section */

/* Begin PBXCopyFilesBuildPhase section */
		D1D94EA520B0D941009B4188 /* CopyFiles */ = {
			isa = PBXCopyFilesBuildPhase;
			buildActionMask = 2147483647;
			dstPath = /usr/share/man/man1/;
			dstSubfolderSpec = 0;
			files = (
			);
			runOnlyForDeploymentPostprocessing = 1;
		};
/* End PBXCopyFilesBuildPhase section */

/* Begin PBXFileReference section */
		D1034162212A669D00B3D6F2 /* vec3.hpp */ = {isa = PBXFileReference; lastKnownFileType = sourcecode.cpp.h; path = vec3.hpp; sourceTree = "<group>"; };
		D1034165212A693300B3D6F2 /* ray.hpp */ = {isa = PBXFileReference; lastKnownFileType = sourcecode.cpp.h; path = ray.hpp; sourceTree = "<group>"; };
		D15A8CF022C33FE800E03C89 /* triangle.hpp */ = {isa = PBXFileReference; lastKnownFileType = sourcecode.cpp.h; path = triangle.hpp; sourceTree = "<group>"; };
		D15A8CF122CA869E00E03C89 /* material.hpp */ = {isa = PBXFileReference; lastKnownFileType = sourcecode.cpp.h; path = material.hpp; sourceTree = "<group>"; };
		D15A8CF222CA9F4900E03C89 /* util.hpp */ = {isa = PBXFileReference; lastKnownFileType = sourcecode.cpp.h; path = util.hpp; sourceTree = "<group>"; };
		D15A8CF322CAD86C00E03C89 /* texture.hpp */ = {isa = PBXFileReference; lastKnownFileType = sourcecode.cpp.h; path = texture.hpp; sourceTree = "<group>"; };
		D164B19922B5F57800FD9B28 /* sphere.hpp */ = {isa = PBXFileReference; lastKnownFileType = sourcecode.cpp.h; path = sphere.hpp; sourceTree = "<group>"; };
		D164B19A22B5F5BD00FD9B28 /* hitable.hpp */ = {isa = PBXFileReference; lastKnownFileType = sourcecode.cpp.h; path = hitable.hpp; sourceTree = "<group>"; };
		D164B19B22BB01FE00FD9B28 /* hitable_list.hpp */ = {isa = PBXFileReference; lastKnownFileType = sourcecode.cpp.h; path = hitable_list.hpp; sourceTree = "<group>"; };
		D164B19C22BB138500FD9B28 /* camera.hpp */ = {isa = PBXFileReference; lastKnownFileType = sourcecode.cpp.h; path = camera.hpp; sourceTree = "<group>"; };
		D1D94EA720B0D941009B4188 /* RayTracingInAWeekend */ = {isa = PBXFileReference; explicitFileType = "compiled.mach-o.executable"; includeInIndex = 0; path = RayTracingInAWeekend; sourceTree = BUILT_PRODUCTS_DIR; };
		D1D94EAA20B0D941009B4188 /* main.cpp */ = {isa = PBXFileReference; lastKnownFileType = sourcecode.cpp.cpp; path = main.cpp; sourceTree = "<group>"; };
		D1D94EB120B0E05F009B4188 /* stb_image_write.h */ = {isa = PBXFileReference; fileEncoding = 4; lastKnownFileType = sourcecode.c.h; path = stb_image_write.h; sourceTree = "<group>"; };
		D1D94EB220B0E05F009B4188 /* stb_image.h */ = {isa = PBXFileReference; fileEncoding = 4; lastKnownFileType = sourcecode.c.h; path = stb_image.h; sourceTree = "<group>"; };
/* End PBXFileReference section */

/* Begin PBXFrameworksBuildPhase section */
		D1D94EA420B0D941009B4188 /* Frameworks */ = {
			isa = PBXFrameworksBuildPhase;
			buildActionMask = 2147483647;
			files = (
			);
			runOnlyForDeploymentPostprocessing = 0;
		};
/* End PBXFrameworksBuildPhase section */

/* Begin PBXGroup section */
		D1D94E9E20B0D941009B4188 = {
			isa = PBXGroup;
			children = (
				D1D94EA920B0D941009B4188 /* RayTracingInAWeekend */,
				D1D94EA820B0D941009B4188 /* Products */,
			);
			sourceTree = "<group>";
		};
		D1D94EA820B0D941009B4188 /* Products */ = {
			isa = PBXGroup;
			children = (
				D1D94EA720B0D941009B4188 /* RayTracingInAWeekend */,
			);
			name = Products;
			sourceTree = "<group>";
		};
		D1D94EA920B0D941009B4188 /* RayTracingInAWeekend */ = {
			isa = PBXGroup;
			children = (
				D1D94EAA20B0D941009B4188 /* main.cpp */,
				D1D94EB120B0E05F009B4188 /* stb_image_write.h */,
				D1D94EB220B0E05F009B4188 /* stb_image.h */,
				D1034162212A669D00B3D6F2 /* vec3.hpp */,
				D1034165212A693300B3D6F2 /* ray.hpp */,
				D164B19922B5F57800FD9B28 /* sphere.hpp */,
				D164B19A22B5F5BD00FD9B28 /* hitable.hpp */,
				D164B19B22BB01FE00FD9B28 /* hitable_list.hpp */,
				D164B19C22BB138500FD9B28 /* camera.hpp */,
				D15A8CF022C33FE800E03C89 /* triangle.hpp */,
				D15A8CF122CA869E00E03C89 /* material.hpp */,
				D15A8CF222CA9F4900E03C89 /* util.hpp */,
				D15A8CF322CAD86C00E03C89 /* texture.hpp */,
			);
			path = RayTracingInAWeekend;
			sourceTree = "<group>";
		};
/* End PBXGroup section */

/* Begin PBXNativeTarget section */
		D1D94EA620B0D941009B4188 /* RayTracingInAWeekend */ = {
			isa = PBXNativeTarget;
			buildConfigurationList = D1D94EAE20B0D941009B4188 /* Build configuration list for PBXNativeTarget "RayTracingInAWeekend" */;
			buildPhases = (
				D1D94EA320B0D941009B4188 /* Sources */,
				D1D94EA420B0D941009B4188 /* Frameworks */,
				D1D94EA520B0D941009B4188 /* CopyFiles */,
			);
			buildRules = (
			);
			dependencies = (
			);
			name = RayTracingInAWeekend;
			productName = RayTracingInAWeekend;
			productReference = D1D94EA720B0D941009B4188 /* RayTracingInAWeekend */;
			productType = "com.apple.product-type.tool";
		};
/* End PBXNativeTarget section */

/* Begin PBXProject section */
		D1D94E9F20B0D941009B4188 /* Project object */ = {
			isa = PBXProject;
			attributes = {
				LastUpgradeCheck = 0930;
				ORGANIZATIONNAME = "Abhijit Bhelande";
				TargetAttributes = {
					D1D94EA620B0D941009B4188 = {
						CreatedOnToolsVersion = 9.3;
					};
				};
			};
			buildConfigurationList = D1D94EA220B0D941009B4188 /* Build configuration list for PBXProject "RayTracingInAWeekend" */;
			compatibilityVersion = "Xcode 9.3";
			developmentRegion = en;
			hasScannedForEncodings = 0;
			knownRegions = (
				en,
			);
			mainGroup = D1D94E9E20B0D941009B4188;
			productRefGroup = D1D94EA820B0D941009B4188 /* Products */;
			projectDirPath = "";
			projectRoot = "";
			targets = (
				D1D94EA620B0D941009B4188 /* RayTracingInAWeekend */,
			);
		};
/* End PBXProject section */

/* Begin PBXSourcesBuildPhase section */
		D1D94EA320B0D941009B4188 /* Sources */ = {
			isa = PBXSourcesBuildPhase;
			buildActionMask = 2147483647;
			files = (
				D1D94EAB20B0D941009B4188 /* main.cpp in Sources */,
			);
			runOnlyForDeploymentPostprocessing = 0;
		};
/* End PBXSourcesBuildPhase section */

/* Begin XCBuildConfiguration section */
		D1D94EAC20B0D941009B4188 /* Debug */ = {
			isa = XCBuildConfiguration;
			buildSettings = {
				ALWAYS_SEARCH_USER_PATHS = NO;
				CLANG_ANALYZER_NONNULL = YES;
				CLANG_ANALYZER_NUMBER_OBJECT_CONVERSION = YES_AGGRESSIVE;
				CLANG_CXX_LANGUAGE_STANDARD = "gnu++14";
				CLANG_CXX_LIBRARY = "libc++";
				CLANG_ENABLE_MODULES = YES;
				CLANG_ENABLE_OBJC_ARC = YES;
				CLANG_ENABLE_OBJC_WEAK = YES;
				CLANG_WARN_BLOCK_CAPTURE_AUTORELEASING = YES;
				CLANG_WARN_BOOL_CONVERSION = YES;
				CLANG_WARN_COMMA = YES;
				CLANG_WARN_CONSTANT_CONVERSION = YES;
				CLANG_WARN_DEPRECATED_OBJC_IMPLEMENTATIONS = YES;
				CLANG_WARN_DIRECT_OBJC_ISA_USAGE = YES_ERROR;
				CLANG_WARN_DOCUMENTATION_COMMENTS = YES;
				CLANG_WARN_EMPTY_BODY = YES;
				CLANG_WARN_ENUM_CONVERSION = YES;
				CLANG_WARN_INFINITE_RECURSION = YES;
				CLANG_WARN_INT_CONVERSION = YES;
				CLANG_WARN_NON_LITERAL_NULL_CONVERSION = YES;
				CLANG_WARN_OBJC_IMPLICIT_RETAIN_SELF = YES;
				CLANG_WARN_OBJC_LITERAL_CONVERSION = YES;
				CLANG_WARN_OBJC_ROOT_CLASS = YES_ERROR;
				CLANG_WARN_RANGE_LOOP_ANALYSIS = YES;
				CLANG_WARN_STRICT_PROTOTYPES = YES;
				CLANG_WARN_SUSPICIOUS_MOVE = YES;
				CLANG_WARN_UNGUARDED_AVAILABILITY = YES_AGGRESSIVE;
				CLANG_WARN_UNREACHABLE_CODE = YES;
				CLANG_WARN__DUPLICATE_METHOD_MATCH = YES;
				CODE_SIGN_IDENTITY = "-";
				COPY_PHASE_STRIP = NO;
				DEBUG_INFORMATION_FORMAT = dwarf;
				ENABLE_STRICT_OBJC_MSGSEND = YES;
				ENABLE_TESTABILITY = YES;
				GCC_C_LANGUAGE_STANDARD = gnu11;
				GCC_DYNAMIC_NO_PIC = NO;
				GCC_NO_COMMON_BLOCKS = YES;
				GCC_OPTIMIZATION_LEVEL = 0;
				GCC_PREPROCESSOR_DEFINITIONS = (
					"DEBUG=1",
					"$(inherited)",
				);
				GCC_WARN_64_TO_32_BIT_CONVERSION = YES;
				GCC_WARN_ABOUT_RETURN_TYPE = YES_ERROR;
				GCC_WARN_UNDECLARED_SELECTOR = YES;
				GCC_WARN_UNINITIALIZED_AUTOS = YES_AGGRESSIVE;
				GCC_WARN_UNUSED_FUNCTION = YES;
				GCC_WARN_UNUSED_VARIABLE = YES;
				MACOSX_DEPLOYMENT_TARGET = 10.13;
				MTL_ENABLE_DEBUG_INFO = YES;
				ONLY_ACTIVE_ARCH = YES;
				SDKROOT = macosx;
			};
			name = Debug;
		};
		D1D94EAD20B0D941009B4188 /* Release */ = {
			isa = XCBuildConfiguration;
			buildSettings = {
				ALWAYS_SEARCH_USER_PATHS = NO;
				CLANG_ANALYZER_NONNULL = YES;
				CLANG_ANALYZER_NUMBER_OBJECT_CONVERSION = YES_AGGRESSIVE;
				CLANG_CXX_LANGUAGE_STANDARD = "gnu++14";
				CLANG_CXX_LIBRARY = "libc++";
				CLANG_ENABLE_MODULES = YES;
				CLANG_ENABLE_OBJC_ARC = YES;
				CLANG_ENABLE_OBJC_WEAK = YES;
				CLANG_WARN_BLOCK_CAPTURE_AUTORELEASING = YES;
				CLANG_WARN_BOOL_CONVERSION = YES;
				CLANG_WARN_COMMA = YES;
				CLANG_WARN_CONSTANT_CONVERSION = YES;
				CLANG_WARN_DEPRECATED_OBJC_IMPLEMENTATIONS = YES;
				CLANG_WARN_DIRECT_OBJC_ISA_USAGE = YES_ERROR;
				CLANG_WARN_DOCUMENTATION_COMMENTS = YES;
				CLANG_WARN_EMPTY_BODY = YES;
				CLANG_WARN_ENUM_CONVERSION = YES;
				CLANG_WARN_INFINITE_RECURSION = YES;
				CLANG_WARN_INT_CONVERSION = YES;
				CLANG_WARN_NON_LITERAL_NULL_CONVERSION = YES;
				CLANG_WARN_OBJC_IMPLICIT_RETAIN_SELF = YES;
				CLANG_WARN_OBJC_LITERAL_CONVERSION = YES;
				CLANG_WARN_OBJC_ROOT_CLASS = YES_ERROR;
				CLANG_WARN_RANGE_LOOP_ANALYSIS = YES;
				CLANG_WARN_STRICT_PROTOTYPES = YES;
				CLANG_WARN_SUSPICIOUS_MOVE = YES;
				CLANG_WARN_UNGUARDED_AVAILABILITY = YES_AGGRESSIVE;
				CLANG_WARN_UNREACHABLE_CODE = YES;
				CLANG_WARN__DUPLICATE_METHOD_MATCH = YES;
				CODE_SIGN_IDENTITY = "-";
				COPY_PHASE_STRIP = NO;
				DEBUG_INFORMATION_FORMAT = "dwarf-with-dsym";
				ENABLE_NS_ASSERTIONS = NO;
				ENABLE_STRICT_OBJC_MSGSEND = YES;
				GCC_C_LANGUAGE_STANDARD = gnu11;
				GCC_NO_COMMON_BLOCKS = YES;
				GCC_WARN_64_TO_32_BIT_CONVERSION = YES;
				GCC_WARN_ABOUT_RETURN_TYPE = YES_ERROR;
				GCC_WARN_UNDECLARED_SELECTOR = YES;
				GCC_WARN_UNINITIALIZED_AUTOS = YES_AGGRESSIVE;
				GCC_WARN_UNUSED_FUNCTION = YES;
				GCC_WARN_UNUSED_VARIABLE = YES;
				MACOSX_DEPLOYMENT_TARGET = 10.13;
				MTL_ENABLE_DEBUG_INFO = NO;
				SDKROOT = macosx;
			};
			name = Release;
		};
		D1D94EAF20B0D941009B4188 /* Debug */ = {
			isa = XCBuildConfiguration;
			buildSettings = {
				CODE_SIGN_STYLE = Automatic;
				PRODUCT_NAME = "$(TARGET_NAME)";
			};
			name = Debug;
		};
		D1D94EB020B0D941009B4188 /* Release */ = {
			isa = XCBuildConfiguration;
			buildSettings = {
				CODE_SIGN_STYLE = Automatic;
				PRODUCT_NAME = "$(TARGET_NAME)";
			};
			name = Release;
		};
/* End XCBuildConfiguration section */

/* Begin XCConfigurationList section */
		D1D94EA220B0D941009B4188 /* Build configuration list for PBXProject "RayTracingInAWeekend" */ = {
			isa = XCConfigurationList;
			buildConfigurations = (
				D1D94EAC20B0D941009B4188 /* Debug */,
				D1D94EAD20B0D941009B4188 /* Release */,
			);
			defaultConfigurationIsVisible = 0;
			defaultConfigurationName = Release;
		};
		D1D94EAE20B0D941009B4188 /* Build configuration list for PBXNativeTarget "RayTracingInAWeekend" */ = {
			isa = XCConfigurationList;
			buildConfigurations = (
				D1D94EAF20B0D941009B4188 /* Debug */,
				D1D94EB020B0D941009B4188 /* Release */,
			);
			defaultConfigurationIsVisible = 0;
			defaultConfigurationName = Release;
		};
/* End XCConfigurationList section */
	};
	rootObject = D1D94E9F20B0D941009B4188 /* Project object */;
}
